
Microsoft Visual Studio Solution File, Format Version 12.00
# Visual Studio Version 17
VisualStudioVersion = 17.14.36915.13 d17.14
MinimumVisualStudioVersion = 10.0.40219.1
Project("{FAE04EC0-301F-11D3-BF4B-00C04F79EFBC}") = "Dotnet_API_06", "Dotnet_API_06\Dotnet_API_06.csproj", "{12688C43-63B0-469F-9521-DE8757FFDF6C}"
EndProject
Global
	GlobalSection(SolutionConfigurationPlatforms) = preSolution
		Debug|Any CPU = Debug|Any CPU
		Release|Any CPU = Release|Any CPU
	EndGlobalSection
	GlobalSection(ProjectConfigurationPlatforms) = postSolution
		{12688C43-63B0-469F-9521-DE8757FFDF6C}.Debug|Any CPU.ActiveCfg = Debug|Any CPU
		{12688C43-63B0-469F-9521-DE8757FFDF6C}.Debug|Any CPU.Build.0 = Debug|Any CPU
		{12688C43-63B0-469F-9521-DE8757FFDF6C}.Release|Any CPU.ActiveCfg = Release|Any CPU
		{12688C43-63B0-469F-9521-DE8757FFDF6C}.Release|Any CPU.Build.0 = Release|Any CPU
	EndGlobalSection
	GlobalSection(SolutionProperties) = preSolution
		HideSolutionNode = FALSE
	EndGlobalSection
	GlobalSection(ExtensibilityGlobals) = postSolution
		SolutionGuid = {2241C124-8B2D-4FFE-852B-F243FCBEC9F7}
	EndGlobalSection
EndGlobal
